
Microsoft Visual Studio Solution File, Format Version 12.00
# Visual Studio Version 16
VisualStudioVersion = 16.0.31313.79
MinimumVisualStudioVersion = 10.0.40219.1
Project("{2150E333-8FDC-42A3-9474-1A3956D46DE8}") = "TesteDeUnidade", "TesteDeUnidade", "{48B15145-49E4-4DED-931E-B37F435129CB}"
EndProject
Project("{2150E333-8FDC-42A3-9474-1A3956D46DE8}") = "1.1 - TestesBasicos", "1.1 - TestesBasicos", "{136D2F83-4262-4A4A-9D1E-0FFF5730E2BD}"
EndProject
Project("{9A19103F-16F7-4668-BE54-9A1E7A4F7556}") = "Demo", "Demo\Demo.csproj", "{583B68CE-61B8-4E8A-8795-4923C45EBCCF}"
EndProject
Project("{9A19103F-16F7-4668-BE54-9A1E7A4F7556}") = "Demo.Tests", "Demo.Tests\Demo.Tests.csproj", "{A82CC35E-C5E0-4DCF-BA77-AB8449020021}"
EndProject
Project("{2150E333-8FDC-42A3-9474-1A3956D46DE8}") = "2.2 - Features", "2.2 - Features", "{AED65B2B-9182-4C18-9B53-A1197DD88CF7}"
EndProject
Project("{FAE04EC0-301F-11D3-BF4B-00C04F79EFBC}") = "Features.Tests", "Features.Tests\Features.Tests.csproj", "{10E1ECEC-A2C5-4288-9F53-282CB0172C21}"
EndProject
Project("{FAE04EC0-301F-11D3-BF4B-00C04F79EFBC}") = "Features", "Features\Features.csproj", "{DA81BA06-286F-4CC6-BD33-B610ADF5C7D3}"
EndProject
Global
	GlobalSection(SolutionConfigurationPlatforms) = preSolution
		Debug|Any CPU = Debug|Any CPU
		Release|Any CPU = Release|Any CPU
	EndGlobalSection
	GlobalSection(ProjectConfigurationPlatforms) = postSolution
		{583B68CE-61B8-4E8A-8795-4923C45EBCCF}.Debug|Any CPU.ActiveCfg = Debug|Any CPU
		{583B68CE-61B8-4E8A-8795-4923C45EBCCF}.Debug|Any CPU.Build.0 = Debug|Any CPU
		{583B68CE-61B8-4E8A-8795-4923C45EBCCF}.Release|Any CPU.ActiveCfg = Release|Any CPU
		{583B68CE-61B8-4E8A-8795-4923C45EBCCF}.Release|Any CPU.Build.0 = Release|Any CPU
		{A82CC35E-C5E0-4DCF-BA77-AB8449020021}.Debug|Any CPU.ActiveCfg = Debug|Any CPU
		{A82CC35E-C5E0-4DCF-BA77-AB8449020021}.Debug|Any CPU.Build.0 = Debug|Any CPU
		{A82CC35E-C5E0-4DCF-BA77-AB8449020021}.Release|Any CPU.ActiveCfg = Release|Any CPU
		{A82CC35E-C5E0-4DCF-BA77-AB8449020021}.Release|Any CPU.Build.0 = Release|Any CPU
		{10E1ECEC-A2C5-4288-9F53-282CB0172C21}.Debug|Any CPU.ActiveCfg = Debug|Any CPU
		{10E1ECEC-A2C5-4288-9F53-282CB0172C21}.Debug|Any CPU.Build.0 = Debug|Any CPU
		{10E1ECEC-A2C5-4288-9F53-282CB0172C21}.Release|Any CPU.ActiveCfg = Release|Any CPU
		{10E1ECEC-A2C5-4288-9F53-282CB0172C21}.Release|Any CPU.Build.0 = Release|Any CPU
		{DA81BA06-286F-4CC6-BD33-B610ADF5C7D3}.Debug|Any CPU.ActiveCfg = Debug|Any CPU
		{DA81BA06-286F-4CC6-BD33-B610ADF5C7D3}.Debug|Any CPU.Build.0 = Debug|Any CPU
		{DA81BA06-286F-4CC6-BD33-B610ADF5C7D3}.Release|Any CPU.ActiveCfg = Release|Any CPU
		{DA81BA06-286F-4CC6-BD33-B610ADF5C7D3}.Release|Any CPU.Build.0 = Release|Any CPU
	EndGlobalSection
	GlobalSection(SolutionProperties) = preSolution
		HideSolutionNode = FALSE
	EndGlobalSection
	GlobalSection(NestedProjects) = preSolution
		{136D2F83-4262-4A4A-9D1E-0FFF5730E2BD} = {48B15145-49E4-4DED-931E-B37F435129CB}
		{583B68CE-61B8-4E8A-8795-4923C45EBCCF} = {136D2F83-4262-4A4A-9D1E-0FFF5730E2BD}
		{A82CC35E-C5E0-4DCF-BA77-AB8449020021} = {136D2F83-4262-4A4A-9D1E-0FFF5730E2BD}
		{AED65B2B-9182-4C18-9B53-A1197DD88CF7} = {48B15145-49E4-4DED-931E-B37F435129CB}
		{10E1ECEC-A2C5-4288-9F53-282CB0172C21} = {AED65B2B-9182-4C18-9B53-A1197DD88CF7}
		{DA81BA06-286F-4CC6-BD33-B610ADF5C7D3} = {AED65B2B-9182-4C18-9B53-A1197DD88CF7}
	EndGlobalSection
	GlobalSection(ExtensibilityGlobals) = postSolution
		SolutionGuid = {B5C980B8-8D40-4ADA-9A1A-C5034988EDCB}
	EndGlobalSection
EndGlobal
