
Microsoft Visual Studio Solution File, Format Version 12.00
# Visual Studio Version 16
VisualStudioVersion = 16.0.31313.79
MinimumVisualStudioVersion = 10.0.40219.1
Project("{2150E333-8FDC-42A3-9474-1A3956D46DE8}") = "TesteDeUnidade", "TesteDeUnidade", "{48B15145-49E4-4DED-931E-B37F435129CB}"
EndProject
Project("{2150E333-8FDC-42A3-9474-1A3956D46DE8}") = "1.1 - TestesBasicos", "1.1 - TestesBasicos", "{136D2F83-4262-4A4A-9D1E-0FFF5730E2BD}"
EndProject
Project("{9A19103F-16F7-4668-BE54-9A1E7A4F7556}") = "Demo", "Demo\Demo.csproj", "{583B68CE-61B8-4E8A-8795-4923C45EBCCF}"
EndProject
Project("{9A19103F-16F7-4668-BE54-9A1E7A4F7556}") = "Demo.Tests", "Demo.Tests\Demo.Tests.csproj", "{A82CC35E-C5E0-4DCF-BA77-AB8449020021}"
EndProject
Project("{2150E333-8FDC-42A3-9474-1A3956D46DE8}") = "2.2 - Features", "2.2 - Features", "{AED65B2B-9182-4C18-9B53-A1197DD88CF7}"
EndProject
Project("{9A19103F-16F7-4668-BE54-9A1E7A4F7556}") = "Features.Tests", "Features.Tests\Features.Tests.csproj", "{10E1ECEC-A2C5-4288-9F53-282CB0172C21}"
EndProject
Project("{9A19103F-16F7-4668-BE54-9A1E7A4F7556}") = "Features", "Features\Features.csproj", "{DA81BA06-286F-4CC6-BD33-B610ADF5C7D3}"
EndProject
Project("{2150E333-8FDC-42A3-9474-1A3956D46DE8}") = "TDD", "TDD", "{A03DAFDA-C5DA-48E4-916B-383E09BE66AC}"
EndProject
Project("{2150E333-8FDC-42A3-9474-1A3956D46DE8}") = "Tests", "Tests", "{F5600601-4137-4A5D-969F-2DAB6BF3E2EC}"
EndProject
Project("{9A19103F-16F7-4668-BE54-9A1E7A4F7556}") = "NerdStore.Vendas.Application.Tests", "NerdStore.Vendas.Application.Tests\NerdStore.Vendas.Application.Tests.csproj", "{6BA787C0-6C72-4A2F-B35D-AE65A08E7262}"
EndProject
Project("{9A19103F-16F7-4668-BE54-9A1E7A4F7556}") = "NerdStore.Vendas.Domain.Tests", "NerdStore.Vendas.Domain.Tests\NerdStore.Vendas.Domain.Tests.csproj", "{66747917-A7F0-4EBD-B6D4-853C3C5DDB74}"
EndProject
Project("{9A19103F-16F7-4668-BE54-9A1E7A4F7556}") = "NerdStore.Core", "NerdStore.Core\NerdStore.Core.csproj", "{92A89D0D-1209-4EE8-8B4F-5831AB52B082}"
EndProject
Project("{9A19103F-16F7-4668-BE54-9A1E7A4F7556}") = "NerdStore.Vendas.Application", "NerdStore.Vendas.Application\NerdStore.Vendas.Application.csproj", "{855CB257-B54F-42AE-92DD-458C3BEBAFAC}"
EndProject
Project("{9A19103F-16F7-4668-BE54-9A1E7A4F7556}") = "NerdStore.Vendas.Data", "NerdStore.Vendas.Data\NerdStore.Vendas.Data.csproj", "{578B59EE-AE53-447B-8DEC-29CE1EB97D91}"
EndProject
Project("{9A19103F-16F7-4668-BE54-9A1E7A4F7556}") = "NerdStore.Vendas.Domain", "NerdStore.Vendas.Domain\NerdStore.Vendas.Domain.csproj", "{F3CE726C-6AB3-470C-89F4-2890D48BD30B}"
EndProject
Project("{2150E333-8FDC-42A3-9474-1A3956D46DE8}") = "src", "src", "{4C57B9AA-A371-404F-AE37-232A33F323E5}"
EndProject
Project("{2150E333-8FDC-42A3-9474-1A3956D46DE8}") = "Roteiro", "Roteiro", "{13017292-4BE6-4FC2-9D91-6FBD74823F19}"
	ProjectSection(SolutionItems) = preProject
		Roteiro.txt = Roteiro.txt
	EndProjectSection
EndProject
Global
	GlobalSection(SolutionConfigurationPlatforms) = preSolution
		Debug|Any CPU = Debug|Any CPU
		Release|Any CPU = Release|Any CPU
	EndGlobalSection
	GlobalSection(ProjectConfigurationPlatforms) = postSolution
		{583B68CE-61B8-4E8A-8795-4923C45EBCCF}.Debug|Any CPU.ActiveCfg = Debug|Any CPU
		{583B68CE-61B8-4E8A-8795-4923C45EBCCF}.Debug|Any CPU.Build.0 = Debug|Any CPU
		{583B68CE-61B8-4E8A-8795-4923C45EBCCF}.Release|Any CPU.ActiveCfg = Release|Any CPU
		{583B68CE-61B8-4E8A-8795-4923C45EBCCF}.Release|Any CPU.Build.0 = Release|Any CPU
		{A82CC35E-C5E0-4DCF-BA77-AB8449020021}.Debug|Any CPU.ActiveCfg = Debug|Any CPU
		{A82CC35E-C5E0-4DCF-BA77-AB8449020021}.Debug|Any CPU.Build.0 = Debug|Any CPU
		{A82CC35E-C5E0-4DCF-BA77-AB8449020021}.Release|Any CPU.ActiveCfg = Release|Any CPU
		{A82CC35E-C5E0-4DCF-BA77-AB8449020021}.Release|Any CPU.Build.0 = Release|Any CPU
		{10E1ECEC-A2C5-4288-9F53-282CB0172C21}.Debug|Any CPU.ActiveCfg = Debug|Any CPU
		{10E1ECEC-A2C5-4288-9F53-282CB0172C21}.Debug|Any CPU.Build.0 = Debug|Any CPU
		{10E1ECEC-A2C5-4288-9F53-282CB0172C21}.Release|Any CPU.ActiveCfg = Release|Any CPU
		{10E1ECEC-A2C5-4288-9F53-282CB0172C21}.Release|Any CPU.Build.0 = Release|Any CPU
		{DA81BA06-286F-4CC6-BD33-B610ADF5C7D3}.Debug|Any CPU.ActiveCfg = Debug|Any CPU
		{DA81BA06-286F-4CC6-BD33-B610ADF5C7D3}.Debug|Any CPU.Build.0 = Debug|Any CPU
		{DA81BA06-286F-4CC6-BD33-B610ADF5C7D3}.Release|Any CPU.ActiveCfg = Release|Any CPU
		{DA81BA06-286F-4CC6-BD33-B610ADF5C7D3}.Release|Any CPU.Build.0 = Release|Any CPU
		{6BA787C0-6C72-4A2F-B35D-AE65A08E7262}.Debug|Any CPU.ActiveCfg = Debug|Any CPU
		{6BA787C0-6C72-4A2F-B35D-AE65A08E7262}.Debug|Any CPU.Build.0 = Debug|Any CPU
		{6BA787C0-6C72-4A2F-B35D-AE65A08E7262}.Release|Any CPU.ActiveCfg = Release|Any CPU
		{6BA787C0-6C72-4A2F-B35D-AE65A08E7262}.Release|Any CPU.Build.0 = Release|Any CPU
		{66747917-A7F0-4EBD-B6D4-853C3C5DDB74}.Debug|Any CPU.ActiveCfg = Debug|Any CPU
		{66747917-A7F0-4EBD-B6D4-853C3C5DDB74}.Debug|Any CPU.Build.0 = Debug|Any CPU
		{66747917-A7F0-4EBD-B6D4-853C3C5DDB74}.Release|Any CPU.ActiveCfg = Release|Any CPU
		{66747917-A7F0-4EBD-B6D4-853C3C5DDB74}.Release|Any CPU.Build.0 = Release|Any CPU
		{92A89D0D-1209-4EE8-8B4F-5831AB52B082}.Debug|Any CPU.ActiveCfg = Debug|Any CPU
		{92A89D0D-1209-4EE8-8B4F-5831AB52B082}.Debug|Any CPU.Build.0 = Debug|Any CPU
		{92A89D0D-1209-4EE8-8B4F-5831AB52B082}.Release|Any CPU.ActiveCfg = Release|Any CPU
		{92A89D0D-1209-4EE8-8B4F-5831AB52B082}.Release|Any CPU.Build.0 = Release|Any CPU
		{855CB257-B54F-42AE-92DD-458C3BEBAFAC}.Debug|Any CPU.ActiveCfg = Debug|Any CPU
		{855CB257-B54F-42AE-92DD-458C3BEBAFAC}.Debug|Any CPU.Build.0 = Debug|Any CPU
		{855CB257-B54F-42AE-92DD-458C3BEBAFAC}.Release|Any CPU.ActiveCfg = Release|Any CPU
		{855CB257-B54F-42AE-92DD-458C3BEBAFAC}.Release|Any CPU.Build.0 = Release|Any CPU
		{578B59EE-AE53-447B-8DEC-29CE1EB97D91}.Debug|Any CPU.ActiveCfg = Debug|Any CPU
		{578B59EE-AE53-447B-8DEC-29CE1EB97D91}.Debug|Any CPU.Build.0 = Debug|Any CPU
		{578B59EE-AE53-447B-8DEC-29CE1EB97D91}.Release|Any CPU.ActiveCfg = Release|Any CPU
		{578B59EE-AE53-447B-8DEC-29CE1EB97D91}.Release|Any CPU.Build.0 = Release|Any CPU
		{F3CE726C-6AB3-470C-89F4-2890D48BD30B}.Debug|Any CPU.ActiveCfg = Debug|Any CPU
		{F3CE726C-6AB3-470C-89F4-2890D48BD30B}.Debug|Any CPU.Build.0 = Debug|Any CPU
		{F3CE726C-6AB3-470C-89F4-2890D48BD30B}.Release|Any CPU.ActiveCfg = Release|Any CPU
		{F3CE726C-6AB3-470C-89F4-2890D48BD30B}.Release|Any CPU.Build.0 = Release|Any CPU
	EndGlobalSection
	GlobalSection(SolutionProperties) = preSolution
		HideSolutionNode = FALSE
	EndGlobalSection
	GlobalSection(NestedProjects) = preSolution
		{136D2F83-4262-4A4A-9D1E-0FFF5730E2BD} = {48B15145-49E4-4DED-931E-B37F435129CB}
		{583B68CE-61B8-4E8A-8795-4923C45EBCCF} = {136D2F83-4262-4A4A-9D1E-0FFF5730E2BD}
		{A82CC35E-C5E0-4DCF-BA77-AB8449020021} = {136D2F83-4262-4A4A-9D1E-0FFF5730E2BD}
		{AED65B2B-9182-4C18-9B53-A1197DD88CF7} = {48B15145-49E4-4DED-931E-B37F435129CB}
		{10E1ECEC-A2C5-4288-9F53-282CB0172C21} = {AED65B2B-9182-4C18-9B53-A1197DD88CF7}
		{DA81BA06-286F-4CC6-BD33-B610ADF5C7D3} = {AED65B2B-9182-4C18-9B53-A1197DD88CF7}
		{F5600601-4137-4A5D-969F-2DAB6BF3E2EC} = {A03DAFDA-C5DA-48E4-916B-383E09BE66AC}
		{6BA787C0-6C72-4A2F-B35D-AE65A08E7262} = {F5600601-4137-4A5D-969F-2DAB6BF3E2EC}
		{66747917-A7F0-4EBD-B6D4-853C3C5DDB74} = {F5600601-4137-4A5D-969F-2DAB6BF3E2EC}
		{92A89D0D-1209-4EE8-8B4F-5831AB52B082} = {4C57B9AA-A371-404F-AE37-232A33F323E5}
		{855CB257-B54F-42AE-92DD-458C3BEBAFAC} = {4C57B9AA-A371-404F-AE37-232A33F323E5}
		{578B59EE-AE53-447B-8DEC-29CE1EB97D91} = {4C57B9AA-A371-404F-AE37-232A33F323E5}
		{F3CE726C-6AB3-470C-89F4-2890D48BD30B} = {4C57B9AA-A371-404F-AE37-232A33F323E5}
		{4C57B9AA-A371-404F-AE37-232A33F323E5} = {A03DAFDA-C5DA-48E4-916B-383E09BE66AC}
		{13017292-4BE6-4FC2-9D91-6FBD74823F19} = {A03DAFDA-C5DA-48E4-916B-383E09BE66AC}
	EndGlobalSection
	GlobalSection(ExtensibilityGlobals) = postSolution
		SolutionGuid = {B5C980B8-8D40-4ADA-9A1A-C5034988EDCB}
	EndGlobalSection
EndGlobal
